# This file is automatically @generated by Cargo.
# It is not intended for manual editing.
[[package]]
name = "bytemuck"
version = "1.4.1"
source = "registry+https://github.com/rust-lang/crates.io-index"
checksum = "41aa2ec95ca3b5c54cf73c91acf06d24f4495d5f1b1c12506ae3483d646177ac"

[[package]]
name = "elf"
version = "0.1.0"
dependencies = [
 "bytemuck",
]
