# This file is automatically @generated by Cargo.
# It is not intended for manual editing.
version = 3

[[package]]
name = "arrayvec"
version = "0.7.2"
source = "registry+https://github.com/rust-lang/crates.io-index"
checksum = "8da52d66c7071e2e3fa2a1e5c6d088fec47b593032b254f5e980de8ea54454d6"

[[package]]
name = "bootinfo"
version = "0.1.0"
dependencies = [
 "arrayvec",
 "cpu",
 "fb",
 "uefi",
]

[[package]]
name = "bytemuck"
version = "1.9.1"
source = "registry+https://github.com/rust-lang/crates.io-index"
checksum = "cdead85bdec19c194affaeeb670c0e41fe23de31459efd1c174d049269cf02cc"

[[package]]
name = "cereal"
version = "0.1.0"
dependencies = [
 "cpu",
 "impl_bits",
]

[[package]]
name = "cpu"
version = "0.1.0"
dependencies = [
 "impl_bits",
]

[[package]]
name = "elf"
version = "0.1.0"
dependencies = [
 "bytemuck",
]

[[package]]
name = "fb"
version = "0.1.0"

[[package]]
name = "impl_bits"
version = "0.1.0"
dependencies = [
 "paste",
]

[[package]]
name = "paste"
version = "1.0.7"
source = "registry+https://github.com/rust-lang/crates.io-index"
checksum = "0c520e05135d6e763148b6426a837e239041653ba7becd2e538c076c738025fc"

[[package]]
name = "uefi"
version = "0.1.0"
dependencies = [
 "impl_bits",
]

[[package]]
name = "uefi_wrapper"
version = "0.1.0"
dependencies = [
 "bootinfo",
 "cereal",
 "cpu",
 "elf",
 "fb",
 "uefi",
]
