# This file is automatically @generated by Cargo.
# It is not intended for manual editing.
version = 3

[[package]]
name = "arrayvec"
version = "0.7.1"
source = "registry+https://github.com/rust-lang/crates.io-index"
checksum = "be4dc07131ffa69b8072d35f5007352af944213cde02545e2103680baed38fcd"

[[package]]
name = "bit_field"
version = "0.9.0"
source = "registry+https://github.com/rust-lang/crates.io-index"
checksum = "ed8765909f9009617974ab6b7d332625b320b33c326b1e9321382ef1999b5d56"

[[package]]
name = "bitflags"
version = "1.2.1"
source = "registry+https://github.com/rust-lang/crates.io-index"
checksum = "cf1de2fe8c75bc145a2f577add951f8134889b4795d47466a54a5c846d691693"

[[package]]
name = "bootinfo"
version = "0.1.0"
dependencies = [
 "arrayvec",
 "cpu",
 "uart_16550",
 "uefi",
]

[[package]]
name = "bytemuck"
version = "1.5.1"
source = "registry+https://github.com/rust-lang/crates.io-index"
checksum = "bed57e2090563b83ba8f83366628ce535a7584c9afa4c9fc0612a03925c6df58"

[[package]]
name = "cpu"
version = "0.1.0"
dependencies = [
 "impl_bits",
]

[[package]]
name = "elf"
version = "0.1.0"
dependencies = [
 "bytemuck",
]

[[package]]
name = "impl_bits"
version = "0.1.0"
dependencies = [
 "paste",
]

[[package]]
name = "paste"
version = "1.0.5"
source = "registry+https://github.com/rust-lang/crates.io-index"
checksum = "acbf547ad0c65e31259204bd90935776d1c693cec2f4ff7abb7a1bbbd40dfe58"

[[package]]
name = "uart_16550"
version = "0.2.16"
source = "registry+https://github.com/rust-lang/crates.io-index"
checksum = "af81448a9a53c7b0f66198381f80912fd18f2c8965f9da4319e6f92e740bca5b"
dependencies = [
 "bitflags",
 "x86_64",
]

[[package]]
name = "uefi"
version = "0.1.0"
dependencies = [
 "impl_bits",
]

[[package]]
name = "uefi_wrapper"
version = "0.1.0"
dependencies = [
 "bootinfo",
 "cpu",
 "elf",
 "uart_16550",
 "uefi",
]

[[package]]
name = "volatile"
version = "0.4.4"
source = "registry+https://github.com/rust-lang/crates.io-index"
checksum = "e4c2dbd44eb8b53973357e6e207e370f0c1059990df850aca1eca8947cf464f0"

[[package]]
name = "x86_64"
version = "0.14.3"
source = "registry+https://github.com/rust-lang/crates.io-index"
checksum = "b7c54a17492391c594753ce2a180142bec7ad2876543565c2a08aa11cddef251"
dependencies = [
 "bit_field",
 "bitflags",
 "volatile",
]
